# This file is autogenerated, do not edit; changes may be undone by the next 'dep ensure'.


[[projects]]
  name = "cloud.google.com/go"
  packages = ["compute/metadata"]
  revision = "29f476ffa9c4cd4fd14336b6043090ac1ad76733"
  version = "v0.21.0"

[[projects]]
  branch = "master"
  name = "github.com/Azure/go-ansiterm"
  packages = [
    ".",
    "winterm"
  ]
  revision = "d6e3b3328b783f23731bc4d058875b0371ff8109"

[[projects]]
  name = "github.com/Microsoft/go-winio"
  packages = ["."]
  revision = "78439966b38d69bf38227fbf57ac8a6fee70f69a"
  version = "v0.4.5"

[[projects]]
  name = "github.com/alecthomas/template"
  packages = [
    ".",
    "parse"
  ]
  revision = "b867cc6ab45cece8143cfcc6fc9c77cf3f2c23c0"

[[projects]]
  name = "github.com/alecthomas/units"
  packages = ["."]
  revision = "6b4e7dc5e3143b85ea77909c72caf89416fc2915"

[[projects]]
  name = "github.com/aws/aws-sdk-go"
  packages = [
    "aws",
    "aws/awserr",
    "aws/awsutil",
    "aws/client",
    "aws/client/metadata",
    "aws/corehandlers",
    "aws/credentials",
    "aws/credentials/ec2rolecreds",
    "aws/credentials/endpointcreds",
    "aws/credentials/stscreds",
    "aws/csm",
    "aws/defaults",
    "aws/ec2metadata",
    "aws/endpoints",
    "aws/request",
    "aws/session",
    "aws/signer/v4",
    "internal/sdkio",
    "internal/sdkrand",
    "internal/shareddefaults",
    "private/protocol",
    "private/protocol/ec2query",
    "private/protocol/eventstream",
    "private/protocol/eventstream/eventstreamapi",
    "private/protocol/json/jsonutil",
    "private/protocol/jsonrpc",
    "private/protocol/query",
    "private/protocol/query/queryutil",
    "private/protocol/rest",
    "private/protocol/restxml",
    "private/protocol/xml/xmlutil",
    "service/dynamodb",
    "service/dynamodb/dynamodbattribute",
    "service/ec2",
    "service/iam",
    "service/s3",
    "service/s3/s3iface",
    "service/s3/s3manager",
    "service/sqs",
    "service/ssm",
    "service/sts"
  ]
  revision = "fefacb6d45b233a9e20097a176c1c46e85a782d3"
  version = "v1.14.25"

[[projects]]
  name = "github.com/beevik/etree"
  packages = ["."]
  revision = "cda1c0026246bd095961ef9a3c430e50d0e80fba"

[[projects]]
  name = "github.com/beorn7/perks"
  packages = ["quantile"]
  revision = "b965b613227fddccbfffe13eae360ed3fa822f8d"

[[projects]]
  name = "github.com/blang/semver"
  packages = ["."]
  revision = "2ee87856327ba09384cabd113bc6b5d174e9ec0f"
  version = "v3.5.1"

[[projects]]
  name = "github.com/boltdb/bolt"
  packages = ["."]
  revision = "2f1ce7a837dcb8da3ec595b1dac9d0632f0f99e8"
  version = "v1.3.1"

[[projects]]
  name = "github.com/boombuler/barcode"
  packages = [
    ".",
    "qr",
    "utils"
  ]
  revision = "fe0f26ff6d26693948ee8189aa064ee8c54141fa"

[[projects]]
  name = "github.com/buger/goterm"
  packages = ["."]
  revision = "af3f07dadc88b80c7b5a15f26033c6dd979f012f"

[[projects]]
  name = "github.com/cenkalti/backoff"
  packages = ["."]
  revision = "61153c768f31ee5f130071d08fc82b85208528de"
  version = "v1.1.0"

[[projects]]
  branch = "version/5.0.x"
  name = "github.com/cloudflare/cfssl"
  packages = [
    "auth",
    "certdb",
    "config",
    "crypto/pkcs7",
    "csr",
    "errors",
    "helpers",
    "helpers/derhelpers",
    "info",
    "initca",
    "log",
    "ocsp/config",
    "signer",
    "signer/local"
  ]
  revision = "4b8305b36ad0a046fc683298642e048c291a4333"
  source = "github.com/gravitational/cfssl"

[[projects]]
  branch = "master"
  name = "github.com/cloudfoundry/gosigar"
  packages = ["."]
  revision = "f4030c18ce1a78252deadef2f5e460b35cce7ae5"

[[projects]]
  name = "github.com/codahale/hdrhistogram"
  packages = ["."]
  revision = "954f16e8b9ef0e5d5189456aa4c1202758e04f17"

[[projects]]
  name = "github.com/coreos/etcd"
  packages = [
    "client",
    "pkg/pathutil",
    "pkg/srv",
    "pkg/tlsutil",
    "pkg/transport",
    "pkg/types",
    "version"
  ]
  revision = "c31bec0f29facff13f7c3e3d948e55dd6689ed42"
  version = "v3.2.4"

[[projects]]
  name = "github.com/coreos/go-oidc"
  packages = [
    "http",
    "jose",
    "key",
    "oauth2",
    "oidc"
  ]
  revision = "e51edf2e47e65e5708600d4da6fca1388ee437b4"
  source = "github.com/gravitational/go-oidc"
  version = "v0.0.1"

[[projects]]
  name = "github.com/coreos/go-semver"
  packages = ["semver"]
  revision = "8ab6407b697782a06568d4b7f1db25550ec2e4c6"
  version = "v0.2.0"

[[projects]]
  name = "github.com/coreos/go-systemd"
  packages = ["dbus"]
  revision = "40e2722dffead74698ca12a750f64ef313ddce05"
  version = "v16"

[[projects]]
  name = "github.com/coreos/pkg"
  packages = [
    "health",
    "httputil",
    "timeutil"
  ]
  revision = "1914e367e85eaf0c25d495b48e060dfe6190f8d0"

[[projects]]
  name = "github.com/davecgh/go-spew"
  packages = ["spew"]
  revision = "346938d642f2ec3594ed81d874461961cd0faa76"
  version = "v1.1.0"

[[projects]]
  branch = "release/2.6"
  name = "github.com/docker/distribution"
  packages = [
    ".",
    "configuration",
    "context",
    "digest",
    "health",
    "health/checks",
    "manifest",
    "manifest/manifestlist",
    "manifest/schema1",
    "manifest/schema2",
    "notifications",
    "reference",
    "registry/api/errcode",
    "registry/api/v2",
    "registry/auth",
    "registry/client",
    "registry/client/auth",
    "registry/client/auth/challenge",
    "registry/client/transport",
    "registry/handlers",
    "registry/listener",
    "registry/middleware/registry",
    "registry/middleware/repository",
    "registry/proxy",
    "registry/proxy/scheduler",
    "registry/storage",
    "registry/storage/cache",
    "registry/storage/cache/memory",
    "registry/storage/cache/redis",
    "registry/storage/driver",
    "registry/storage/driver/base",
    "registry/storage/driver/factory",
    "registry/storage/driver/filesystem",
    "registry/storage/driver/middleware",
    "uuid",
    "version"
  ]
  revision = "7d2744309e7e20a87b88c1565751da00ea87f16e"

[[projects]]
  name = "github.com/docker/docker"
  packages = [
    "pkg/archive",
    "pkg/fileutils",
    "pkg/idtools",
    "pkg/ioutils",
    "pkg/longpath",
    "pkg/namesgenerator",
    "pkg/pools",
    "pkg/promise",
    "pkg/random",
    "pkg/system",
    "pkg/term/windows"
  ]
  revision = "092cba3727bb9b4a2f0e922cd6c0f93ea270e363"
  version = "v1.13.1"

[[projects]]
  name = "github.com/docker/go-units"
  packages = ["."]
  revision = "f2d77a61e3c169b43402a0a1e84f06daf29b8190"
  version = "v0.3.1"

[[projects]]
  name = "github.com/docker/libtrust"
  packages = ["."]
  revision = "9cbd2a1374f46905c68a4eb3694a130610adc62a"

[[projects]]
  name = "github.com/dustin/go-humanize"
  packages = ["."]
  revision = "1c212aae1d02984808182b98b0da7a3e07e4c770"

[[projects]]
  name = "github.com/fatih/color"
  packages = ["."]
  revision = "1b35f289c47d5c73c398cea8e006b7bcb6234a96"
  version = "v0.1"

[[projects]]
  name = "github.com/fsnotify/fsnotify"
  packages = ["."]
  revision = "c2828203cd70a50dcccfb2761f8b1f8ceef9a8e9"
  version = "v1.4.7"

[[projects]]
  name = "github.com/fsouza/go-dockerclient"
  packages = [
    ".",
    "external/github.com/Sirupsen/logrus",
    "external/github.com/docker/docker/opts",
    "external/github.com/docker/docker/pkg/archive",
    "external/github.com/docker/docker/pkg/fileutils",
    "external/github.com/docker/docker/pkg/homedir",
    "external/github.com/docker/docker/pkg/idtools",
    "external/github.com/docker/docker/pkg/ioutils",
    "external/github.com/docker/docker/pkg/longpath",
    "external/github.com/docker/docker/pkg/pools",
    "external/github.com/docker/docker/pkg/promise",
    "external/github.com/docker/docker/pkg/stdcopy",
    "external/github.com/docker/docker/pkg/system",
    "external/github.com/docker/go-units",
    "external/github.com/gorilla/context",
    "external/github.com/gorilla/mux",
    "external/github.com/hashicorp/go-cleanhttp",
    "external/github.com/opencontainers/runc/libcontainer/user",
    "external/golang.org/x/net/context",
    "external/golang.org/x/sys/unix",
    "testing"
  ]
  revision = "9184fe7a2d7c920b8cdd30faa64fe025f609ef20"

[[projects]]
  name = "github.com/garyburd/redigo"
  packages = [
    "internal",
    "redis"
  ]
  revision = "6ece6e0a09f28cc399b21550cbf37ab39ba63cce"

[[projects]]
  name = "github.com/ghodss/yaml"
  packages = ["."]
  revision = "73d445a93680fa1a78ae23a5839bad48f32ba1ee"

[[projects]]
  name = "github.com/go-ini/ini"
  packages = ["."]
  revision = "5b3e00af70a9484542169a976dcab8d03e601a17"
  version = "v1.30.0"

[[projects]]
  name = "github.com/godbus/dbus"
  packages = ["."]
  revision = "5f6efc7ef2759c81b7ba876593971bfce311eab3"
  version = "v4.0.0"

[[projects]]
  name = "github.com/gogo/protobuf"
  packages = [
    "proto",
    "sortkeys",
    "types"
  ]
  revision = "100ba4e885062801d56799d78530b73b178a78f3"
  version = "v0.4"

[[projects]]
  branch = "master"
  name = "github.com/gokyle/hotp"
  packages = ["."]
  revision = "c180d57d286b385101c999a60087a40d7f48fc77"

[[projects]]
  name = "github.com/golang/glog"
  packages = ["."]
  revision = "fca8c8854093a154ff1eb580aae10276ad6b1b5f"

[[projects]]
  name = "github.com/golang/protobuf"
  packages = [
    "proto",
    "protoc-gen-go/descriptor",
    "ptypes",
    "ptypes/any",
    "ptypes/duration",
    "ptypes/empty",
    "ptypes/timestamp"
  ]
  revision = "8ee79997227bf9b34611aee7946ae64735e6fd93"

[[projects]]
  branch = "master"
  name = "github.com/google/btree"
  packages = ["."]
  revision = "4030bb1f1f0c35b30ca7009e9ebd06849dd45306"

[[projects]]
  branch = "version/5.0.x"
  name = "github.com/google/certificate-transparency-go"
  packages = [
    ".",
    "asn1",
    "client",
    "x509",
    "x509/pkix"
  ]
  revision = "99d8352410cb54aacb8f34b261352c1a4f573453"
  source = "github.com/gravitational/certificate-transparency-go"

[[projects]]
  name = "github.com/google/gofuzz"
  packages = ["."]
  revision = "bbcb9da2d746f8bdbd6a936686a0a6067ada0ec5"

[[projects]]
  name = "github.com/googleapis/gnostic"
  packages = [
    "OpenAPIv2",
    "compiler",
    "extensions"
  ]
  revision = "ee43cbb60db7bd22502942cccbc39059117352ab"
  version = "v0.1.0"

[[projects]]
  name = "github.com/gorilla/context"
  packages = ["."]
  revision = "1c83b3eabd45b6d76072b66b746c20815fb2872d"

[[projects]]
  name = "github.com/gorilla/handlers"
  packages = ["."]
  revision = "e96366d97736da3bdec18b7fbaedd37c6fc97fb9"

[[projects]]
  name = "github.com/gorilla/mux"
  packages = ["."]
  revision = "9c068cf16d982f8bd444b8c352acbeec34c4fe5b"

[[projects]]
  branch = "master"
  name = "github.com/gravitational/configure"
  packages = [
    ".",
    "cstrings",
    "jsonschema",
    "schema"
  ]
  revision = "c3428bd84c23f0cfcc759f2ef12632be5ff5d95d"

[[projects]]
  name = "github.com/gravitational/coordinate"
  packages = [
    "config",
    "leader"
  ]
  revision = "d3d3609ffa9eb7f9b30f90ed1463389feeeff971"

[[projects]]
  branch = "master"
  name = "github.com/gravitational/form"
  packages = ["."]
  revision = "c4048f792f70d207e6d8b9c1bf52319247f202b8"

[[projects]]
  branch = "master"
  name = "github.com/gravitational/go-vhost"
  packages = ["."]
  revision = "94d0c42e32633d2caf9477317fcab32916e54aa0"

[[projects]]
  branch = "master"
  name = "github.com/gravitational/kingpin"
  packages = ["."]
  revision = "785686550a08e8e2e77641c91714280a6dfb08ee"

[[projects]]
  name = "github.com/gravitational/license"
  packages = [
    ".",
    "authority",
    "constants"
  ]
  revision = "f3111b1818ceae70bad37b64a252ed196fd078d4"
  version = "0.0.2"

[[projects]]
  name = "github.com/gravitational/rigging"
  packages = ["."]
  revision = "21dc1a07d2a1d8ba690b8987d788d43961a91406"
  version = "0.0.14"

[[projects]]
  name = "github.com/gravitational/roundtrip"
  packages = ["."]
  revision = "ad87871f2c4d31b9bef3f3c6224c3f5e50d0bac1"
  version = "0.0.2"

[[projects]]
  name = "github.com/gravitational/satellite"
  packages = [
    "agent/health",
    "agent/proto/agentpb",
    "lib/kubernetes",
    "monitoring",
    "utils"
  ]
  revision = "4f0a95fcef4b475175bf2a8fddd34f288d956eb1"

[[projects]]
  name = "github.com/gravitational/tail"
  packages = [
    ".",
    "ratelimiter",
    "util",
    "watch",
    "winfile"
  ]
  revision = "f50ab22a2454512d7bb89dc1d675a07e2c26b059"
  version = "v1.0.1"

[[projects]]
  name = "github.com/gravitational/teleport"
  packages = [
    ".",
    "lib",
    "lib/auth",
    "lib/auth/native",
    "lib/auth/testauthority",
    "lib/backend",
    "lib/backend/boltbk",
    "lib/backend/dir",
    "lib/backend/dynamo",
    "lib/backend/etcdbk",
    "lib/client",
    "lib/config",
    "lib/defaults",
    "lib/events",
    "lib/fixtures",
    "lib/httplib",
    "lib/httplib/csrf",
    "lib/limiter",
    "lib/modules",
    "lib/reversetunnel",
    "lib/service",
    "lib/services",
    "lib/services/local",
    "lib/services/suite",
    "lib/session",
    "lib/shell",
    "lib/srv",
    "lib/srv/forward",
    "lib/srv/regular",
    "lib/sshutils",
    "lib/sshutils/scp",
    "lib/state",
    "lib/teleagent",
    "lib/utils",
    "lib/utils/parse",
    "lib/utils/proxy",
    "lib/web",
    "lib/web/ui"
  ]
  revision = "64b88f99a1af9e63277c3529c1c006d81ee3499c"
  version = "v2.4.9"

[[projects]]
  name = "github.com/gravitational/trace"
  packages = ["."]
  revision = "4a5e142f3251b3a98e8fd71c2a32eb225af06b6d"

[[projects]]
  name = "github.com/gravitational/ttlmap"
  packages = ["."]
  revision = "91fd36b9004c1ee5a778739752ea1aba5638c03a"
  version = "0.0.1"

[[projects]]
  name = "github.com/gravitational/version"
  packages = ["."]
  revision = "ffae935cafba0fac6023a96832e48d0fec6417ba"

[[projects]]
  branch = "master"
  name = "github.com/gregjones/httpcache"
  packages = [
    ".",
    "diskcache"
  ]
  revision = "9cad4c3443a7200dd6400aef47183728de563a38"

[[projects]]
  name = "github.com/grpc-ecosystem/grpc-gateway"
  packages = ["third_party/googleapis/google/api"]
  revision = "a8f25bd1ab549f8b87afd48aa9181221e9d439bb"
  version = "v1.1.0"

[[projects]]
  name = "github.com/imdario/mergo"
  packages = ["."]
  revision = "50d4dbd4eb0e84778abe37cefef140271d96fade"

[[projects]]
  name = "github.com/jmespath/go-jmespath"
  packages = ["."]
  revision = "0b12d6b5"

[[projects]]
  name = "github.com/jonboulle/clockwork"
  packages = ["."]
  revision = "2eee05ed794112d45db504eb05aa693efd2b8b09"
  version = "v0.1.0"

[[projects]]
  name = "github.com/json-iterator/go"
  packages = ["."]
  revision = "1624edc4454b8682399def8740d46db5e4362ba4"
  version = "1.1.5"

[[projects]]
  name = "github.com/julienschmidt/httprouter"
  packages = ["."]
  revision = "8c199fb6259ffc1af525cc3ad52ee60ba8359669"
  version = "v1.1"

[[projects]]
  branch = "master"
  name = "github.com/kardianos/osext"
  packages = ["."]
  revision = "ae77be60afb1dcacde03767a8c37337fad28ac14"

[[projects]]
  name = "github.com/kr/pty"
  packages = ["."]
  revision = "2c10821df3c3cf905230d078702dfbe9404c9b23"
  version = "v1.0.0"

[[projects]]
  name = "github.com/kylelemons/godebug"
  packages = ["diff"]
  revision = "eadb3ce320cbab8393bea5ca17bebac3f78a021b"

[[projects]]
  name = "github.com/mailgun/lemma"
  packages = [
    "random",
    "secret"
  ]
  revision = "e8b0cd607f5855f9a4a33f8ae5d033178f559964"
  version = "0.0.2"

[[projects]]
  name = "github.com/mailgun/metrics"
  packages = ["."]
  revision = "2b3c4565aafdcd40c8069e50de08ac5379787943"

[[projects]]
  name = "github.com/mailgun/minheap"
  packages = ["."]
  revision = "7c28d80e2ada649fc8ab1a37b86d30a2633bd47c"

[[projects]]
  branch = "alexander/copy"
  name = "github.com/mailgun/oxy"
  packages = [
    "forward",
    "utils"
  ]
  revision = "0c3e45a1f7b20e1f818612ad4f42abfc0923f3d5"

[[projects]]
  name = "github.com/mailgun/timetools"
  packages = ["."]
  revision = "fd192d755b00c968d312d23f521eb0cdc6f66bd0"

[[projects]]
  name = "github.com/mailgun/ttlmap"
  packages = ["."]
  revision = "16b258d86efc53ac5cf3e550604f566c32624fab"

[[projects]]
  name = "github.com/mattn/go-runewidth"
  packages = ["."]
  revision = "737072b4e32b7a5018b4a7125da8d12de90e8045"

[[projects]]
  name = "github.com/matttproud/golang_protobuf_extensions"
  packages = ["pbutil"]
  revision = "d0c3fe89de86839aecf2e0579c40ba3bb336a453"

[[projects]]
  branch = "master"
  name = "github.com/mdp/rsc"
  packages = [
    "gf256",
    "qr",
    "qr/coding"
  ]
  revision = "90f07065088deccf50b28eb37c93dad3078c0f3c"

[[projects]]
  name = "github.com/miekg/dns"
  packages = ["."]
  revision = "5d001d020961ae1c184f9f8152fdc73810481677"

[[projects]]
  branch = "master"
  name = "github.com/mitchellh/go-ps"
  packages = ["."]
  revision = "4fdf99ab29366514c69ccccddab5dc58b8d84062"

[[projects]]
  name = "github.com/moby/moby"
  packages = ["pkg/term"]
  revision = "092cba3727bb9b4a2f0e922cd6c0f93ea270e363"
  version = "v1.13.1"

[[projects]]
  name = "github.com/modern-go/concurrent"
  packages = ["."]
  revision = "bacd9c7ef1dd9b15be4a9909b8ac7a4e313eec94"
  version = "1.0.3"

[[projects]]
  name = "github.com/modern-go/reflect2"
  packages = ["."]
  revision = "4b7aa43c6742a2c18fdef89dd197aaae7dac7ccd"
  version = "1.0.1"

[[projects]]
  branch = "master"
  name = "github.com/mreiferson/go-httpclient"
  packages = ["."]
  revision = "31f0106b4474f14bc441575c19d3a5fa21aa1f6c"

[[projects]]
  name = "github.com/olekukonko/tablewriter"
  packages = ["."]
  revision = "bdcc175572fd7abece6c831e643891b9331bc9e7"

[[projects]]
  name = "github.com/opencontainers/go-digest"
  packages = ["."]
  revision = "279bed98673dd5bef374d3b6e4b09e2af76183bf"
  version = "v1.0.0-rc1"

[[projects]]
  name = "github.com/opencontainers/runc"
  packages = [
    "libcontainer/system",
    "libcontainer/user"
  ]
  revision = "baf6536d6259209c3edfa2b22237af82942d3dfa"
  version = "v0.1.1"

[[projects]]
  name = "github.com/pborman/uuid"
  packages = ["."]
  revision = "e790cca94e6cc75c7064b1332e63811d4aae1a53"
  version = "v1.1"

[[projects]]
  branch = "master"
  name = "github.com/petar/GoLLRB"
  packages = ["llrb"]
  revision = "53be0d36a84c2a886ca057d34b6aa4468df9ccb4"

[[projects]]
  name = "github.com/peterbourgon/diskv"
  packages = ["."]
  revision = "5f041e8faa004a95c88a202771f4cc3e991971e6"
  version = "v2.0.1"

[[projects]]
  name = "github.com/pquerna/otp"
  packages = [
    ".",
    "hotp",
    "totp"
  ]
  revision = "54653902c20e47f3417541d35435cb6d6162e28a"

[[projects]]
  name = "github.com/prometheus/client_golang"
  packages = ["prometheus"]
  revision = "c5b7fccd204277076155f10851dad72b76a49317"
  version = "v0.8.0"

[[projects]]
  branch = "master"
  name = "github.com/prometheus/client_model"
  packages = ["go"]
  revision = "6f3806018612930941127f2a7c6c453ba2c527d2"

[[projects]]
  branch = "master"
  name = "github.com/prometheus/common"
  packages = [
    "expfmt",
    "internal/bitbucket.org/ww/goautoneg",
    "model"
  ]
  revision = "61f87aac8082fa8c3c5655c7608d7478d46ac2ad"

[[projects]]
  branch = "master"
  name = "github.com/prometheus/procfs"
  packages = [
    ".",
    "xfs"
  ]
  revision = "e645f4e5aaa8506fc71d6edbc5c4ff02c04c46f2"

[[projects]]
  name = "github.com/russellhaering/gosaml2"
  packages = [
    ".",
    "types"
  ]
  revision = "8908227c114abe0b63b1f0606abae72d11bf632a"

[[projects]]
  branch = "master"
  name = "github.com/russellhaering/goxmldsig"
  packages = [
    ".",
    "etreeutils",
    "types"
  ]
  revision = "605161228693b2efadce55323c9c661a40c5fbaa"

[[projects]]
  name = "github.com/santhosh-tekuri/jsonschema"
  packages = [
    ".",
    "decoders",
    "formats",
    "loader",
    "mediatypes"
  ]
  revision = "1471bfd74cff003b1e329d46a4de4487e88cc47b"
  version = "v1.2.2"

[[projects]]
  branch = "master"
  name = "github.com/satori/go.uuid"
  packages = ["."]
  revision = "5bf94b69c6b68ee1b541973bb8e1144db23a194b"

[[projects]]
  branch = "master"
  name = "github.com/shiena/ansicolor"
  packages = ["."]
  revision = "a422bbe96644373c5753384a59d678f7d261ff10"

[[projects]]
  name = "github.com/sirupsen/logrus"
  packages = [
    ".",
    "hooks/syslog"
  ]
  revision = "dcdb95d728dbb6fe4b9fbe6b3b9d1fb268e68036"
  source = "github.com/gravitational/logrus"
  version = "1.0.6"

[[projects]]
  name = "github.com/spf13/pflag"
  packages = ["."]
  revision = "9ff6c6923cfffbcd502984b8e0c80539a94968b7"

[[projects]]
  name = "github.com/stevvooe/resumable"
  packages = [
    ".",
    "sha256",
    "sha512"
  ]
  revision = "51ad44105773cafcbe91927f70ac68e1bf78f8b4"

[[projects]]
  name = "github.com/tstranex/u2f"
  packages = ["."]
  revision = "eb799ce68da4150b16ff5d0c89a24e2a2ad993d8"

[[projects]]
  name = "github.com/ugorji/go"
  packages = ["codec"]
  revision = "646ae4a518c1c3be0739df898118d9bccf993858"

[[projects]]
  name = "github.com/vulcand/oxy"
  packages = [
    "connlimit",
    "forward",
    "ratelimit",
    "utils"
  ]
  revision = "40720199a16cdfb3854ff58ad91d290a7dd56de0"

[[projects]]
  name = "github.com/vulcand/predicate"
  packages = ["."]
  revision = "939c094524d124c55fa8afe0e077701db4a865e2"
  version = "v1.0.0"

[[projects]]
  name = "github.com/xeipuuv/gojsonpointer"
  packages = ["."]
  revision = "e0fe6f68307607d540ed8eac07a342c33fa1b54a"

[[projects]]
  branch = "master"
  name = "github.com/xeipuuv/gojsonreference"
  packages = ["."]
  revision = "e02fc20de94c78484cd5ffb007f8af96be030a45"

[[projects]]
  name = "github.com/xeipuuv/gojsonschema"
  packages = ["."]
  revision = "3988ac14d6f66842abf574a0615d2935ef5dab9d"

[[projects]]
  name = "github.com/xtgo/set"
  packages = ["."]
  revision = "708d80f4a27458f99f8ca12bd0e638c6ee65627f"
  version = "v1.0.0"

[[projects]]
  name = "golang.org/x/crypto"
  packages = [
    "bcrypt",
    "blowfish",
    "cast5",
    "curve25519",
    "ed25519",
    "ed25519/internal/edwards25519",
    "nacl/secretbox",
    "openpgp",
    "openpgp/armor",
    "openpgp/elgamal",
    "openpgp/errors",
    "openpgp/packet",
    "openpgp/s2k",
    "pkcs12",
    "pkcs12/internal/rc2",
    "poly1305",
    "salsa20/salsa",
    "ssh",
    "ssh/agent",
    "ssh/terminal"
  ]
  revision = "453249f01cfeb54c3d549ddb75ff152ca243f9d8"

[[projects]]
  branch = "release-branch.go1.9"
  name = "golang.org/x/net"
  packages = [
    "context",
    "context/ctxhttp",
    "http2",
    "http2/hpack",
    "idna",
    "internal/timeseries",
    "lex/httplex",
    "nettest",
    "trace",
    "websocket"
  ]
  revision = "ab5485076ff3407ad2d02db054635913f017b0ed"

[[projects]]
  branch = "master"
  name = "golang.org/x/sys"
  packages = [
    "unix",
    "windows"
  ]
  revision = "2d6f6f883a06fc0d5f4b14a81e4c28705ea64c15"

[[projects]]
  name = "golang.org/x/text"
  packages = [
    "encoding",
    "encoding/internal",
    "encoding/internal/identifier",
    "encoding/unicode",
    "internal/gen",
    "internal/triegen",
    "internal/ucd",
    "internal/utf8internal",
    "runes",
    "secure/bidirule",
    "transform",
    "unicode/bidi",
    "unicode/cldr",
    "unicode/norm",
    "unicode/rangetable"
  ]
  revision = "fd889fe3a20f4878f5f47672fd3ca5b86db005e2"

[[projects]]
  branch = "master"
  name = "golang.org/x/time"
  packages = ["rate"]
  revision = "fbb02b2291d28baffd63558aa44b4b56f178d650"

[[projects]]
  branch = "master"
  name = "google.golang.org/genproto"
  packages = ["googleapis/rpc/status"]
  revision = "ee236bd376b077c7a89f260c026c4735b195e459"

[[projects]]
  name = "google.golang.org/grpc"
  packages = [
    ".",
    "balancer",
    "balancer/roundrobin",
    "codes",
    "connectivity",
    "credentials",
    "encoding",
    "grpclb/grpc_lb_v1/messages",
    "grpclog",
    "health",
    "health/grpc_health_v1",
    "internal",
    "keepalive",
    "metadata",
    "naming",
    "peer",
    "resolver",
    "resolver/dns",
    "resolver/passthrough",
    "stats",
    "status",
    "tap",
    "transport"
  ]
  revision = "e687fa4e6424368ece6e4fe727cea2c806a0fcb4"
  version = "v1.8.2"

[[projects]]
  branch = "telekube"
  name = "gopkg.in/alecthomas/kingpin.v2"
  packages = ["."]
  revision = "85085db9f49ba33b8901e3d176e7436178b53530"
  source = "github.com/gravitational/kingpin"

[[projects]]
  name = "gopkg.in/check.v1"
  packages = ["."]
  revision = "64131543e7896d5bcc6bd5a76287eb75ea96c673"

[[projects]]
  name = "gopkg.in/inf.v0"
  packages = ["."]
  revision = "3887ee99ecf07df5b447e9b00d9c0b2adaa9f3e4"
  version = "v0.9.0"

[[projects]]
  branch = "v2"
  name = "gopkg.in/mgo.v2"
  packages = [
    "bson",
    "internal/json"
  ]
  revision = "3f83fa5005286a7fe593b055f0d7771a7dce4655"

[[projects]]
  branch = "v1"
  name = "gopkg.in/tomb.v1"
  packages = ["."]
  revision = "dd632973f1e7218eb1089048e0798ec9ae7dceb8"

[[projects]]
  name = "gopkg.in/yaml.v2"
  packages = ["."]
  revision = "7ad95dd0798a40da1ccdff6dff35fd177b5edf40"

[[projects]]
  name = "k8s.io/api"
  packages = [
    "admissionregistration/v1alpha1",
    "admissionregistration/v1beta1",
    "apps/v1",
    "apps/v1beta1",
    "apps/v1beta2",
    "authentication/v1",
    "authentication/v1beta1",
    "authorization/v1",
    "authorization/v1beta1",
    "autoscaling/v1",
    "autoscaling/v2beta1",
    "batch/v1",
    "batch/v1beta1",
    "batch/v2alpha1",
    "certificates/v1beta1",
    "core/v1",
    "events/v1beta1",
    "extensions/v1beta1",
    "networking/v1",
    "policy/v1beta1",
    "rbac/v1",
    "rbac/v1alpha1",
    "rbac/v1beta1",
    "scheduling/v1alpha1",
    "scheduling/v1beta1",
    "settings/v1alpha1",
    "storage/v1",
    "storage/v1alpha1",
    "storage/v1beta1"
  ]
  revision = "2d6f90ab1293a1fb871cf149423ebb72aa7423aa"
  version = "kubernetes-1.11.1"

[[projects]]
  name = "k8s.io/apiextensions-apiserver"
  packages = [
    "pkg/apis/apiextensions",
    "pkg/apis/apiextensions/v1beta1",
    "pkg/client/clientset/clientset",
    "pkg/client/clientset/clientset/scheme",
    "pkg/client/clientset/clientset/typed/apiextensions/v1beta1"
  ]
  revision = "408db4a50408e2149acbd657bceb2480c13cb0a4"
  version = "kubernetes-1.11.2"

[[projects]]
  name = "k8s.io/apimachinery"
  packages = [
    "pkg/api/errors",
    "pkg/api/meta",
    "pkg/api/resource",
    "pkg/apis/meta/v1",
    "pkg/apis/meta/v1/unstructured",
    "pkg/apis/meta/v1beta1",
    "pkg/conversion",
    "pkg/conversion/queryparams",
    "pkg/fields",
    "pkg/labels",
    "pkg/runtime",
    "pkg/runtime/schema",
    "pkg/runtime/serializer",
    "pkg/runtime/serializer/json",
    "pkg/runtime/serializer/protobuf",
    "pkg/runtime/serializer/recognizer",
    "pkg/runtime/serializer/streaming",
    "pkg/runtime/serializer/versioning",
    "pkg/selection",
    "pkg/types",
    "pkg/util/clock",
    "pkg/util/errors",
    "pkg/util/framer",
    "pkg/util/intstr",
    "pkg/util/json",
    "pkg/util/net",
    "pkg/util/rand",
    "pkg/util/runtime",
    "pkg/util/sets",
    "pkg/util/validation",
    "pkg/util/validation/field",
    "pkg/util/wait",
    "pkg/util/yaml",
    "pkg/version",
    "pkg/watch",
    "third_party/forked/golang/reflect"
  ]
  revision = "103fd098999dc9c0c88536f5c9ad2e5da39373ae"
  version = "kubernetes-1.11.0"

[[projects]]
  name = "k8s.io/client-go"
  packages = [
    "discovery",
    "kubernetes",
    "kubernetes/scheme",
    "kubernetes/typed/admissionregistration/v1alpha1",
    "kubernetes/typed/admissionregistration/v1beta1",
    "kubernetes/typed/apps/v1",
    "kubernetes/typed/apps/v1beta1",
    "kubernetes/typed/apps/v1beta2",
    "kubernetes/typed/authentication/v1",
    "kubernetes/typed/authentication/v1beta1",
    "kubernetes/typed/authorization/v1",
    "kubernetes/typed/authorization/v1beta1",
    "kubernetes/typed/autoscaling/v1",
    "kubernetes/typed/autoscaling/v2beta1",
    "kubernetes/typed/batch/v1",
    "kubernetes/typed/batch/v1beta1",
    "kubernetes/typed/batch/v2alpha1",
    "kubernetes/typed/certificates/v1beta1",
    "kubernetes/typed/core/v1",
    "kubernetes/typed/events/v1beta1",
    "kubernetes/typed/extensions/v1beta1",
    "kubernetes/typed/networking/v1",
    "kubernetes/typed/policy/v1beta1",
    "kubernetes/typed/rbac/v1",
    "kubernetes/typed/rbac/v1alpha1",
    "kubernetes/typed/rbac/v1beta1",
    "kubernetes/typed/scheduling/v1alpha1",
    "kubernetes/typed/scheduling/v1beta1",
    "kubernetes/typed/settings/v1alpha1",
    "kubernetes/typed/storage/v1",
    "kubernetes/typed/storage/v1alpha1",
    "kubernetes/typed/storage/v1beta1",
    "pkg/apis/clientauthentication",
    "pkg/apis/clientauthentication/v1alpha1",
    "pkg/apis/clientauthentication/v1beta1",
    "pkg/version",
    "plugin/pkg/client/auth/exec",
    "rest",
    "rest/watch",
    "tools/auth",
    "tools/clientcmd",
    "tools/clientcmd/api",
    "tools/clientcmd/api/latest",
    "tools/clientcmd/api/v1",
    "tools/metrics",
    "tools/reference",
    "transport",
    "util/cert",
    "util/connrotation",
    "util/flowcontrol",
    "util/homedir",
    "util/integer"
  ]
  revision = "7d04d0e2a0a1a4d4a1cd6baa432a2301492e4e65"
  version = "v8.0.0"

[solve-meta]
  analyzer-name = "dep"
  analyzer-version = 1
  inputs-digest = "f9d32cc3886f34529683d275ea4d173bbc5fc4dff8de17232835e6818f9e42dd"
  solver-name = "gps-cdcl"
  solver-version = 1
